
Microsoft Visual Studio Solution File, Format Version 12.00
# Visual Studio Version 17
VisualStudioVersion = 17.11.35327.3
MinimumVisualStudioVersion = 10.0.40219.1
Project("{FAE04EC0-301F-11D3-BF4B-00C04F79EFBC}") = "Ingame Editor", "Ingame Editor.csproj", "{66E1380A-2ECC-40EA-BD29-D625FED4BFD7}"
EndProject
Global
	GlobalSection(SolutionConfigurationPlatforms) = preSolution
		Debug|Any CPU = Debug|Any CPU
		Release|Any CPU = Release|Any CPU
	EndGlobalSection
	GlobalSection(ProjectConfigurationPlatforms) = postSolution
		{66E1380A-2ECC-40EA-BD29-D625FED4BFD7}.Debug|Any CPU.ActiveCfg = Debug|Any CPU
		{66E1380A-2ECC-40EA-BD29-D625FED4BFD7}.Debug|Any CPU.Build.0 = Debug|Any CPU
		{66E1380A-2ECC-40EA-BD29-D625FED4BFD7}.Release|Any CPU.ActiveCfg = Release|Any CPU
		{66E1380A-2ECC-40EA-BD29-D625FED4BFD7}.Release|Any CPU.Build.0 = Release|Any CPU
	EndGlobalSection
	GlobalSection(SolutionProperties) = preSolution
		HideSolutionNode = FALSE
	EndGlobalSection
	GlobalSection(ExtensibilityGlobals) = postSolution
		SolutionGuid = {D5974BC0-6B0D-4D2A-8D1C-5810D1CD2C57}
	EndGlobalSection
EndGlobal
